{
  "name": "argos3-webviz",
  "version": "0.4.76",
  "lockfileVersion": 3,
  "requires": true,
  "packages": {
    "": {
      "name": "argos3-webviz",
      "version": "0.4.76",
      "license": "MIT",
      "devDependencies": {
        "clusterize.js": "^1.0.0",
        "jquery": "^3.7.0",
        "jquery-contextmenu": "^2.9.2",
        "rivets": "^0.9.6",
        "robust-websocket": "^1.0.0",
        "stats.js": "^0.17.0",
        "three": "0.155.0",
        "w2ui": "^1.5.0"
      }
    },
    "node_modules/clusterize.js": {
      "version": "1.0.0",
      "resolved": "https://registry.npmjs.org/clusterize.js/-/clusterize.js-1.0.0.tgz",
      "integrity": "sha512-EEYhO8rOvw9JVaHLgEFdvvg9H6ug/GVl8KgakOoc9hg4FK6xmyYsC4B0Aw/QI6ClPxaGPKBetO+ISvCY8N/uUQ==",
      "dev": true
    },
    "node_modules/jquery": {
      "version": "3.7.0",
      "resolved": "https://registry.npmjs.org/jquery/-/jquery-3.7.0.tgz",
      "integrity": "sha512-umpJ0/k8X0MvD1ds0P9SfowREz2LenHsQaxSohMZ5OMNEU2r0tf8pdeEFTHMFxWVxKNyU9rTtK3CWzUCTKJUeQ==",
      "dev": true
    },
    "node_modules/jquery-contextmenu": {
      "version": "2.9.2",
      "resolved": "https://registry.npmjs.org/jquery-contextmenu/-/jquery-contextmenu-2.9.2.tgz",
      "integrity": "sha512-6S6sH/08owDStC/7zNwcN366yR0ydX6PmMB0RnjLRQOp7Nc/rqwEHglshfHrrw2kdTev97GXwRXrayDUmToIOw==",
      "dev": true,
      "dependencies": {
        "jquery": "^3.5.0"
      },
      "peerDependencies": {
        "jquery": ">=1.8.2"
      }
    },
    "node_modules/rivets": {
      "version": "0.9.6",
      "resolved": "https://registry.npmjs.org/rivets/-/rivets-0.9.6.tgz",
      "integrity": "sha512-KfdMjLRWw4+38ej9bRXegKZVfYo0jEacwadA5z6NTKya+YohwGemwdbxvJ52WCXODkTnR4Q8UmUC6HVxsdzkxA==",
      "dev": true,
      "dependencies": {
        "sightglass": "~0.2.4"
      }
    },
    "node_modules/robust-websocket": {
      "version": "1.0.0",
      "resolved": "https://registry.npmjs.org/robust-websocket/-/robust-websocket-1.0.0.tgz",
      "integrity": "sha512-zpd1mXL2kPd2NexxKRBRC3appEhxRZVuiqfckI1kLaNM7tRBJ9l4dqOD1FPoNpOZ2PPNAySR3beVAVd4OYl4tg==",
      "dev": true
    },
    "node_modules/sightglass": {
      "version": "0.2.6",
      "resolved": "https://registry.npmjs.org/sightglass/-/sightglass-0.2.6.tgz",
      "integrity": "sha512-t1fgbuhURcWc8VgZk8kJQ3QmmZk3kghDcf0wpsN8I8RaV05IUkc2b195KpGqgocKT/q8+vKk6EcB2c7N2lAd6A==",
      "dev": true
    },
    "node_modules/stats.js": {
      "version": "0.17.0",
      "resolved": "https://registry.npmjs.org/stats.js/-/stats.js-0.17.0.tgz",
      "integrity": "sha512-hNKz8phvYLPEcRkeG1rsGmV5ChMjKDAWU7/OJJdDErPBNChQXxCo3WZurGpnWc6gZhAzEPFad1aVgyOANH1sMw==",
      "dev": true
    },
    "node_modules/three": {
      "version": "0.155.0",
      "resolved": "https://registry.npmjs.org/three/-/three-0.155.0.tgz",
      "integrity": "sha512-sNgCYmDijnIqkD/bMfk+1pHg3YzsxW7V2ChpuP6HCQ8NiZr3RufsXQr8M3SSUMjW4hG+sUk7YbyuY0DncaDTJQ==",
      "dev": true
    },
    "node_modules/w2ui": {
      "version": "1.5.3",
      "resolved": "https://registry.npmjs.org/w2ui/-/w2ui-1.5.3.tgz",
      "integrity": "sha512-K9rfBzadea3Bwh3QjMEh5WQZzqgDRxe1YI2GDLXnK7A5XaqR6tIhBj8/H7VzT+KKW2D+2s1BFk8xMDCzFBopsA==",
      "dev": true,
      "dependencies": {
        "jquery": ">=3.5.0"
      }
    }
  }
}
